
Microsoft Visual Studio Solution File, Format Version 12.00
# Visual Studio 15
VisualStudioVersion = 15.0.27428.2043
MinimumVisualStudioVersion = 10.0.40219.1
Project("{FAE04EC0-301F-11D3-BF4B-00C04F79EFBC}") = "MyLibrary", "MyLibrary\MyLibrary.csproj", "{ED235665-5D64-43F9-B592-0E26434769EF}"
EndProject
Project("{FAE04EC0-301F-11D3-BF4B-00C04F79EFBC}") = "MyLibrary.Facts", "MyLibrary.Facts\MyLibrary.Facts.csproj", "{71103BF7-415D-4322-9FF1-7ED7281741BA}"
EndProject
Global
	GlobalSection(SolutionConfigurationPlatforms) = preSolution
		Debug|Any CPU = Debug|Any CPU
		Release|Any CPU = Release|Any CPU
	EndGlobalSection
	GlobalSection(ProjectConfigurationPlatforms) = postSolution
		{ED235665-5D64-43F9-B592-0E26434769EF}.Debug|Any CPU.ActiveCfg = Debug|Any CPU
		{ED235665-5D64-43F9-B592-0E26434769EF}.Debug|Any CPU.Build.0 = Debug|Any CPU
		{ED235665-5D64-43F9-B592-0E26434769EF}.Release|Any CPU.ActiveCfg = Release|Any CPU
		{ED235665-5D64-43F9-B592-0E26434769EF}.Release|Any CPU.Build.0 = Release|Any CPU
		{71103BF7-415D-4322-9FF1-7ED7281741BA}.Debug|Any CPU.ActiveCfg = Debug|Any CPU
		{71103BF7-415D-4322-9FF1-7ED7281741BA}.Debug|Any CPU.Build.0 = Debug|Any CPU
		{71103BF7-415D-4322-9FF1-7ED7281741BA}.Release|Any CPU.ActiveCfg = Release|Any CPU
		{71103BF7-415D-4322-9FF1-7ED7281741BA}.Release|Any CPU.Build.0 = Release|Any CPU
	EndGlobalSection
	GlobalSection(SolutionProperties) = preSolution
		HideSolutionNode = FALSE
	EndGlobalSection
	GlobalSection(ExtensibilityGlobals) = postSolution
		SolutionGuid = {98606416-AE65-47F1-94AB-5571881B0708}
	EndGlobalSection
EndGlobal
