
Microsoft Visual Studio Solution File, Format Version 12.00
# Visual Studio 14
VisualStudioVersion = 14.0.24720.0
MinimumVisualStudioVersion = 10.0.40219.1
Project("{FAE04EC0-301F-11D3-BF4B-00C04F79EFBC}") = "MyLibrary", "MyLibrary\MyLibrary.csproj", "{AECFD394-00B7-4E62-B254-7657859694D1}"
EndProject
Project("{FAE04EC0-301F-11D3-BF4B-00C04F79EFBC}") = "MyLibrary.Test", "MyLibrary.Test\MyLibrary.Test.csproj", "{77EF581D-F343-4AEB-9349-53A8822A9263}"
EndProject
Global
	GlobalSection(SolutionConfigurationPlatforms) = preSolution
		Debug|Any CPU = Debug|Any CPU
		Release|Any CPU = Release|Any CPU
	EndGlobalSection
	GlobalSection(ProjectConfigurationPlatforms) = postSolution
		{AECFD394-00B7-4E62-B254-7657859694D1}.Debug|Any CPU.ActiveCfg = Debug|Any CPU
		{AECFD394-00B7-4E62-B254-7657859694D1}.Debug|Any CPU.Build.0 = Debug|Any CPU
		{AECFD394-00B7-4E62-B254-7657859694D1}.Release|Any CPU.ActiveCfg = Release|Any CPU
		{AECFD394-00B7-4E62-B254-7657859694D1}.Release|Any CPU.Build.0 = Release|Any CPU
		{77EF581D-F343-4AEB-9349-53A8822A9263}.Debug|Any CPU.ActiveCfg = Debug|Any CPU
		{77EF581D-F343-4AEB-9349-53A8822A9263}.Debug|Any CPU.Build.0 = Debug|Any CPU
		{77EF581D-F343-4AEB-9349-53A8822A9263}.Release|Any CPU.ActiveCfg = Release|Any CPU
		{77EF581D-F343-4AEB-9349-53A8822A9263}.Release|Any CPU.Build.0 = Release|Any CPU
	EndGlobalSection
	GlobalSection(SolutionProperties) = preSolution
		HideSolutionNode = FALSE
	EndGlobalSection
EndGlobal
